
Microsoft Visual Studio Solution File, Format Version 12.00
# Visual Studio 2012
Project("{FAE04EC0-301F-11D3-BF4B-00C04F79EFBC}") = "okk", "okk\okk.csproj", "{1F7D544C-AD2B-4FF5-947F-304A7B0825A4}"
EndProject
Global
	GlobalSection(SolutionConfigurationPlatforms) = preSolution
		Debug|Any CPU = Debug|Any CPU
		Release|Any CPU = Release|Any CPU
	EndGlobalSection
	GlobalSection(ProjectConfigurationPlatforms) = postSolution
		{1F7D544C-AD2B-4FF5-947F-304A7B0825A4}.Debug|Any CPU.ActiveCfg = Debug|Any CPU
		{1F7D544C-AD2B-4FF5-947F-304A7B0825A4}.Debug|Any CPU.Build.0 = Debug|Any CPU
		{1F7D544C-AD2B-4FF5-947F-304A7B0825A4}.Release|Any CPU.ActiveCfg = Release|Any CPU
		{1F7D544C-AD2B-4FF5-947F-304A7B0825A4}.Release|Any CPU.Build.0 = Release|Any CPU
	EndGlobalSection
	GlobalSection(SolutionProperties) = preSolution
		HideSolutionNode = FALSE
	EndGlobalSection
EndGlobal
